{
    "_readme": [
        "This file locks the dependencies of your project to a known state",
        "Read more about it at http://getcomposer.org/doc/01-basic-usage.md#composer-lock-the-lock-file",
        "This file is @generated automatically"
    ],
    "hash": "71c3a02bb2ae3f2aaaffb7fa262f77a6",
    "packages": [
        {
            "name": "webnium/json-pointer",
            "version": "dev-master",
            "source": {
                "type": "git",
                "url": "https://github.com/webnium/php-json-pointer.git",
                "reference": "133cbc669c475ad41795a336ab16155ecd182254"
            },
            "dist": {
                "type": "zip",
                "url": "https://api.github.com/repos/webnium/php-json-pointer/zipball/133cbc669c475ad41795a336ab16155ecd182254",
                "reference": "133cbc669c475ad41795a336ab16155ecd182254",
                "shasum": ""
            },
            "require": {
                "php": ">=5.4.0"
            },
            "require-dev": {
                "phake/phake": "*",
                "satooshi/php-coveralls": "dev-master"
            },
            "type": "library",
            "autoload": {
                "psr-0": {
                    "Webnium\\JsonPointer\\": "src/"
                }
            },
            "notification-url": "https://packagist.org/downloads/",
            "license": [
                "MIT License"
            ],
            "authors": [
                {
                    "name": "MugeSo",
                    "email": "mugeso@mugeso.com",
                    "homepage": "http://muge.so/",
                    "role": "Developer"
                }
            ],
            "description": "Accessor implement based on JSON Pointer (RFC6901)",
            "homepage": "https://github.com/webnium/php-json-pointer",
            "keywords": [
                "array",
                "array accessor",
                "json",
                "json pointer"
            ],
            "time": "2013-11-29 14:31:13"
        }
    ],
    "packages-dev": [],
    "aliases": [],
    "minimum-stability": "stable",
    "stability-flags": {
        "webnium/json-pointer": 20
    },
    "prefer-stable": false,
    "platform": {
        "php": ">=5.3.3"
    },
    "platform-dev": []
}
